
Microsoft Visual Studio Solution File, Format Version 12.00
# Visual Studio Version 17
VisualStudioVersion = 17.6.33829.357
MinimumVisualStudioVersion = 10.0.40219.1
Project("{F184B08F-C81C-45F6-A57F-5ABD9991F28F}") = "Generador-Geometrico", "Generador-Geometrico.vbproj", "{958F7CC0-EDB2-4284-8F67-51495D6D13C5}"
EndProject
Global
	GlobalSection(SolutionConfigurationPlatforms) = preSolution
		Debug|Any CPU = Debug|Any CPU
		Release|Any CPU = Release|Any CPU
	EndGlobalSection
	GlobalSection(ProjectConfigurationPlatforms) = postSolution
		{958F7CC0-EDB2-4284-8F67-51495D6D13C5}.Debug|Any CPU.ActiveCfg = Debug|Any CPU
		{958F7CC0-EDB2-4284-8F67-51495D6D13C5}.Debug|Any CPU.Build.0 = Debug|Any CPU
		{958F7CC0-EDB2-4284-8F67-51495D6D13C5}.Release|Any CPU.ActiveCfg = Release|Any CPU
		{958F7CC0-EDB2-4284-8F67-51495D6D13C5}.Release|Any CPU.Build.0 = Release|Any CPU
	EndGlobalSection
	GlobalSection(SolutionProperties) = preSolution
		HideSolutionNode = FALSE
	EndGlobalSection
	GlobalSection(ExtensibilityGlobals) = postSolution
		SolutionGuid = {85A2D7C0-E4E6-4484-AFD8-067193367ACE}
	EndGlobalSection
EndGlobal
